
Microsoft Visual Studio Solution File, Format Version 12.00
# Visual Studio Version 16
VisualStudioVersion = 16.0.29709.97
MinimumVisualStudioVersion = 10.0.40219.1
Project("{FAE04EC0-301F-11D3-BF4B-00C04F79EFBC}") = "AupaWeb", "AupaWeb\AupaWeb.csproj", "{F291A8FE-E7FC-46A6-A28D-4F1D47FF1910}"
EndProject
Project("{FAE04EC0-301F-11D3-BF4B-00C04F79EFBC}") = "DemoPage", "DemoPage\DemoPage.csproj", "{1F188EE0-38E1-4574-BEE9-E073FD331306}"
EndProject
Global
	GlobalSection(SolutionConfigurationPlatforms) = preSolution
		Debug|Any CPU = Debug|Any CPU
		Release|Any CPU = Release|Any CPU
	EndGlobalSection
	GlobalSection(ProjectConfigurationPlatforms) = postSolution
		{F291A8FE-E7FC-46A6-A28D-4F1D47FF1910}.Debug|Any CPU.ActiveCfg = Debug|Any CPU
		{F291A8FE-E7FC-46A6-A28D-4F1D47FF1910}.Debug|Any CPU.Build.0 = Debug|Any CPU
		{F291A8FE-E7FC-46A6-A28D-4F1D47FF1910}.Release|Any CPU.ActiveCfg = Release|Any CPU
		{F291A8FE-E7FC-46A6-A28D-4F1D47FF1910}.Release|Any CPU.Build.0 = Release|Any CPU
		{1F188EE0-38E1-4574-BEE9-E073FD331306}.Debug|Any CPU.ActiveCfg = Debug|Any CPU
		{1F188EE0-38E1-4574-BEE9-E073FD331306}.Debug|Any CPU.Build.0 = Debug|Any CPU
		{1F188EE0-38E1-4574-BEE9-E073FD331306}.Release|Any CPU.ActiveCfg = Release|Any CPU
		{1F188EE0-38E1-4574-BEE9-E073FD331306}.Release|Any CPU.Build.0 = Release|Any CPU
	EndGlobalSection
	GlobalSection(SolutionProperties) = preSolution
		HideSolutionNode = FALSE
	EndGlobalSection
	GlobalSection(ExtensibilityGlobals) = postSolution
		SolutionGuid = {93FB0CEF-4AB6-498A-9320-9DFB613ABB91}
	EndGlobalSection
EndGlobal
